// !$*UTF8*$!
{
	archiveVersion = 1;
	classes = {
	};
	objectVersion = 46;
	objects = {

/* Begin PBXBuildFile section */
		3C145EF876C16576C1F6ED78 /* Pods_Flickrama.framework in Frameworks */ = {isa = PBXBuildFile; fileRef = 6946AA629EF94A669E214C1A /* Pods_Flickrama.framework */; };
		C501ECE21D82E7590084F23D /* FlickrPhotoTableCellTableViewCell.swift in Sources */ = {isa = PBXBuildFile; fileRef = C501ECE01D82E7590084F23D /* FlickrPhotoTableCellTableViewCell.swift */; };
		C5140A4F1D86AA5000ADF672 /* PhotoBookViewController.swift in Sources */ = {isa = PBXBuildFile; fileRef = C5140A4E1D86AA5000ADF672 /* PhotoBookViewController.swift */; };
		C5140A511D86ABFA00ADF672 /* PhotoBookPageViewController.swift in Sources */ = {isa = PBXBuildFile; fileRef = C5140A501D86ABFA00ADF672 /* PhotoBookPageViewController.swift */; };
		C536B6F31D7F297200A24EEA /* AppDelegate.swift in Sources */ = {isa = PBXBuildFile; fileRef = C536B6F21D7F297200A24EEA /* AppDelegate.swift */; };
		C536B6F51D7F297200A24EEA /* MasterViewController.swift in Sources */ = {isa = PBXBuildFile; fileRef = C536B6F41D7F297200A24EEA /* MasterViewController.swift */; };
		C536B6F71D7F297200A24EEA /* DetailViewController.swift in Sources */ = {isa = PBXBuildFile; fileRef = C536B6F61D7F297200A24EEA /* DetailViewController.swift */; };
		C536B6FA1D7F297200A24EEA /* Main.storyboard in Resources */ = {isa = PBXBuildFile; fileRef = C536B6F81D7F297200A24EEA /* Main.storyboard */; };
		C536B6FC1D7F297200A24EEA /* Assets.xcassets in Resources */ = {isa = PBXBuildFile; fileRef = C536B6FB1D7F297200A24EEA /* Assets.xcassets */; };
		C536B6FF1D7F297200A24EEA /* LaunchScreen.storyboard in Resources */ = {isa = PBXBuildFile; fileRef = C536B6FD1D7F297200A24EEA /* LaunchScreen.storyboard */; };
		C54541251D7FF92800EE4466 /* FlickrPhoto.swift in Sources */ = {isa = PBXBuildFile; fileRef = C54541241D7FF92800EE4466 /* FlickrPhoto.swift */; };
		C54541271D801A2700EE4466 /* FlickrPhotoList.swift in Sources */ = {isa = PBXBuildFile; fileRef = C54541261D801A2700EE4466 /* FlickrPhotoList.swift */; };
/* End PBXBuildFile section */

/* Begin PBXFileReference section */
		5B416D5635BEDD363D0A0F8A /* Pods-Flickrama.debug.xcconfig */ = {isa = PBXFileReference; includeInIndex = 1; lastKnownFileType = text.xcconfig; name = "Pods-Flickrama.debug.xcconfig"; path = "Pods/Target Support Files/Pods-Flickrama/Pods-Flickrama.debug.xcconfig"; sourceTree = "<group>"; };
		6946AA629EF94A669E214C1A /* Pods_Flickrama.framework */ = {isa = PBXFileReference; explicitFileType = wrapper.framework; includeInIndex = 0; path = Pods_Flickrama.framework; sourceTree = BUILT_PRODUCTS_DIR; };
		950DE79EC1FC427926D9B4A1 /* Pods-Flickrama.release.xcconfig */ = {isa = PBXFileReference; includeInIndex = 1; lastKnownFileType = text.xcconfig; name = "Pods-Flickrama.release.xcconfig"; path = "Pods/Target Support Files/Pods-Flickrama/Pods-Flickrama.release.xcconfig"; sourceTree = "<group>"; };
		C501ECE01D82E7590084F23D /* FlickrPhotoTableCellTableViewCell.swift */ = {isa = PBXFileReference; fileEncoding = 4; lastKnownFileType = sourcecode.swift; path = FlickrPhotoTableCellTableViewCell.swift; sourceTree = "<group>"; };
		C5140A4E1D86AA5000ADF672 /* PhotoBookViewController.swift */ = {isa = PBXFileReference; fileEncoding = 4; lastKnownFileType = sourcecode.swift; path = PhotoBookViewController.swift; sourceTree = "<group>"; };
		C5140A501D86ABFA00ADF672 /* PhotoBookPageViewController.swift */ = {isa = PBXFileReference; fileEncoding = 4; lastKnownFileType = sourcecode.swift; path = PhotoBookPageViewController.swift; sourceTree = "<group>"; };
		C536B6EF1D7F297200A24EEA /* Flickrama.app */ = {isa = PBXFileReference; explicitFileType = wrapper.application; includeInIndex = 0; path = Flickrama.app; sourceTree = BUILT_PRODUCTS_DIR; };
		C536B6F21D7F297200A24EEA /* AppDelegate.swift */ = {isa = PBXFileReference; lastKnownFileType = sourcecode.swift; path = AppDelegate.swift; sourceTree = "<group>"; };
		C536B6F41D7F297200A24EEA /* MasterViewController.swift */ = {isa = PBXFileReference; lastKnownFileType = sourcecode.swift; path = MasterViewController.swift; sourceTree = "<group>"; };
		C536B6F61D7F297200A24EEA /* DetailViewController.swift */ = {isa = PBXFileReference; lastKnownFileType = sourcecode.swift; path = DetailViewController.swift; sourceTree = "<group>"; };
		C536B6F91D7F297200A24EEA /* Base */ = {isa = PBXFileReference; lastKnownFileType = file.storyboard; name = Base; path = Base.lproj/Main.storyboard; sourceTree = "<group>"; };
		C536B6FB1D7F297200A24EEA /* Assets.xcassets */ = {isa = PBXFileReference; lastKnownFileType = folder.assetcatalog; path = Assets.xcassets; sourceTree = "<group>"; };
		C536B6FE1D7F297200A24EEA /* Base */ = {isa = PBXFileReference; lastKnownFileType = file.storyboard; name = Base; path = Base.lproj/LaunchScreen.storyboard; sourceTree = "<group>"; };
		C536B7001D7F297200A24EEA /* Info.plist */ = {isa = PBXFileReference; lastKnownFileType = text.plist.xml; path = Info.plist; sourceTree = "<group>"; };
		C54541241D7FF92800EE4466 /* FlickrPhoto.swift */ = {isa = PBXFileReference; fileEncoding = 4; lastKnownFileType = sourcecode.swift; path = FlickrPhoto.swift; sourceTree = "<group>"; };
		C54541261D801A2700EE4466 /* FlickrPhotoList.swift */ = {isa = PBXFileReference; fileEncoding = 4; lastKnownFileType = sourcecode.swift; path = FlickrPhotoList.swift; sourceTree = "<group>"; };
/* End PBXFileReference section */

/* Begin PBXFrameworksBuildPhase section */
		C536B6EC1D7F297200A24EEA /* Frameworks */ = {
			isa = PBXFrameworksBuildPhase;
			buildActionMask = 2147483647;
			files = (
				3C145EF876C16576C1F6ED78 /* Pods_Flickrama.framework in Frameworks */,
			);
			runOnlyForDeploymentPostprocessing = 0;
		};
/* End PBXFrameworksBuildPhase section */

/* Begin PBXGroup section */
		0F466C7F17C5CFFA4273BEC2 /* Pods */ = {
			isa = PBXGroup;
			children = (
				5B416D5635BEDD363D0A0F8A /* Pods-Flickrama.debug.xcconfig */,
				950DE79EC1FC427926D9B4A1 /* Pods-Flickrama.release.xcconfig */,
			);
			name = Pods;
			sourceTree = "<group>";
		};
		BC819B794A3E6BEADE3088FC /* Frameworks */ = {
			isa = PBXGroup;
			children = (
				6946AA629EF94A669E214C1A /* Pods_Flickrama.framework */,
			);
			name = Frameworks;
			sourceTree = "<group>";
		};
		C536B6E61D7F297200A24EEA = {
			isa = PBXGroup;
			children = (
				C536B6F11D7F297200A24EEA /* Flickrama */,
				C536B6F01D7F297200A24EEA /* Products */,
				0F466C7F17C5CFFA4273BEC2 /* Pods */,
				BC819B794A3E6BEADE3088FC /* Frameworks */,
			);
			sourceTree = "<group>";
		};
		C536B6F01D7F297200A24EEA /* Products */ = {
			isa = PBXGroup;
			children = (
				C536B6EF1D7F297200A24EEA /* Flickrama.app */,
			);
			name = Products;
			sourceTree = "<group>";
		};
		C536B6F11D7F297200A24EEA /* Flickrama */ = {
			isa = PBXGroup;
			children = (
				C54541221D7FF90900EE4466 /* Models */,
				C54541231D7FF90900EE4466 /* Views */,
				C536B6F21D7F297200A24EEA /* AppDelegate.swift */,
				C536B6FB1D7F297200A24EEA /* Assets.xcassets */,
				C536B6F61D7F297200A24EEA /* DetailViewController.swift */,
				C536B7001D7F297200A24EEA /* Info.plist */,
				C536B6FD1D7F297200A24EEA /* LaunchScreen.storyboard */,
				C536B6F81D7F297200A24EEA /* Main.storyboard */,
				C536B6F41D7F297200A24EEA /* MasterViewController.swift */,
				C5140A501D86ABFA00ADF672 /* PhotoBookPageViewController.swift */,
				C5140A4E1D86AA5000ADF672 /* PhotoBookViewController.swift */,
			);
			path = Flickrama;
			sourceTree = "<group>";
		};
		C54541221D7FF90900EE4466 /* Models */ = {
			isa = PBXGroup;
			children = (
				C54541241D7FF92800EE4466 /* FlickrPhoto.swift */,
				C54541261D801A2700EE4466 /* FlickrPhotoList.swift */,
			);
			path = Models;
			sourceTree = "<group>";
		};
		C54541231D7FF90900EE4466 /* Views */ = {
			isa = PBXGroup;
			children = (
				C501ECE01D82E7590084F23D /* FlickrPhotoTableCellTableViewCell.swift */,
			);
			path = Views;
			sourceTree = "<group>";
		};
/* End PBXGroup section */

/* Begin PBXNativeTarget section */
		C536B6EE1D7F297200A24EEA /* Flickrama */ = {
			isa = PBXNativeTarget;
			buildConfigurationList = C536B7031D7F297200A24EEA /* Build configuration list for PBXNativeTarget "Flickrama" */;
			buildPhases = (
				858316272A3D3B1590E10FAD /* 📦 Check Pods Manifest.lock */,
				C536B6EB1D7F297200A24EEA /* Sources */,
				C536B6EC1D7F297200A24EEA /* Frameworks */,
				C536B6ED1D7F297200A24EEA /* Resources */,
				4A3A02D27598E8D22C827FD7 /* 📦 Embed Pods Frameworks */,
				3912096FFD17233B385E0FAF /* 📦 Copy Pods Resources */,
			);
			buildRules = (
			);
			dependencies = (
			);
			name = Flickrama;
			productName = Flickrama;
			productReference = C536B6EF1D7F297200A24EEA /* Flickrama.app */;
			productType = "com.apple.product-type.application";
		};
/* End PBXNativeTarget section */

/* Begin PBXProject section */
		C536B6E71D7F297200A24EEA /* Project object */ = {
			isa = PBXProject;
			attributes = {
				LastSwiftUpdateCheck = 0730;
				LastUpgradeCheck = 0730;
				ORGANIZATIONNAME = "Forty-eight K";
				TargetAttributes = {
					C536B6EE1D7F297200A24EEA = {
						CreatedOnToolsVersion = 7.3.1;
						DevelopmentTeam = 2E98X766E2;
					};
				};
			};
			buildConfigurationList = C536B6EA1D7F297200A24EEA /* Build configuration list for PBXProject "Flickrama" */;
			compatibilityVersion = "Xcode 3.2";
			developmentRegion = English;
			hasScannedForEncodings = 0;
			knownRegions = (
				en,
				Base,
			);
			mainGroup = C536B6E61D7F297200A24EEA;
			productRefGroup = C536B6F01D7F297200A24EEA /* Products */;
			projectDirPath = "";
			projectRoot = "";
			targets = (
				C536B6EE1D7F297200A24EEA /* Flickrama */,
			);
		};
/* End PBXProject section */

/* Begin PBXResourcesBuildPhase section */
		C536B6ED1D7F297200A24EEA /* Resources */ = {
			isa = PBXResourcesBuildPhase;
			buildActionMask = 2147483647;
			files = (
				C536B6FF1D7F297200A24EEA /* LaunchScreen.storyboard in Resources */,
				C536B6FC1D7F297200A24EEA /* Assets.xcassets in Resources */,
				C536B6FA1D7F297200A24EEA /* Main.storyboard in Resources */,
			);
			runOnlyForDeploymentPostprocessing = 0;
		};
/* End PBXResourcesBuildPhase section */

/* Begin PBXShellScriptBuildPhase section */
		3912096FFD17233B385E0FAF /* 📦 Copy Pods Resources */ = {
			isa = PBXShellScriptBuildPhase;
			buildActionMask = 2147483647;
			files = (
			);
			inputPaths = (
			);
			name = "📦 Copy Pods Resources";
			outputPaths = (
			);
			runOnlyForDeploymentPostprocessing = 0;
			shellPath = /bin/sh;
			shellScript = "\"${SRCROOT}/Pods/Target Support Files/Pods-Flickrama/Pods-Flickrama-resources.sh\"\n";
			showEnvVarsInLog = 0;
		};
		4A3A02D27598E8D22C827FD7 /* 📦 Embed Pods Frameworks */ = {
			isa = PBXShellScriptBuildPhase;
			buildActionMask = 2147483647;
			files = (
			);
			inputPaths = (
			);
			name = "📦 Embed Pods Frameworks";
			outputPaths = (
			);
			runOnlyForDeploymentPostprocessing = 0;
			shellPath = /bin/sh;
			shellScript = "\"${SRCROOT}/Pods/Target Support Files/Pods-Flickrama/Pods-Flickrama-frameworks.sh\"\n";
			showEnvVarsInLog = 0;
		};
		858316272A3D3B1590E10FAD /* 📦 Check Pods Manifest.lock */ = {
			isa = PBXShellScriptBuildPhase;
			buildActionMask = 2147483647;
			files = (
			);
			inputPaths = (
			);
			name = "📦 Check Pods Manifest.lock";
			outputPaths = (
			);
			runOnlyForDeploymentPostprocessing = 0;
			shellPath = /bin/sh;
			shellScript = "diff \"${PODS_ROOT}/../Podfile.lock\" \"${PODS_ROOT}/Manifest.lock\" > /dev/null\nif [[ $? != 0 ]] ; then\n    cat << EOM\nerror: The sandbox is not in sync with the Podfile.lock. Run 'pod install' or update your CocoaPods installation.\nEOM\n    exit 1\nfi\n";
			showEnvVarsInLog = 0;
		};
/* End PBXShellScriptBuildPhase section */

/* Begin PBXSourcesBuildPhase section */
		C536B6EB1D7F297200A24EEA /* Sources */ = {
			isa = PBXSourcesBuildPhase;
			buildActionMask = 2147483647;
			files = (
				C536B6F71D7F297200A24EEA /* DetailViewController.swift in Sources */,
				C54541271D801A2700EE4466 /* FlickrPhotoList.swift in Sources */,
				C5140A4F1D86AA5000ADF672 /* PhotoBookViewController.swift in Sources */,
				C54541251D7FF92800EE4466 /* FlickrPhoto.swift in Sources */,
				C536B6F51D7F297200A24EEA /* MasterViewController.swift in Sources */,
				C501ECE21D82E7590084F23D /* FlickrPhotoTableCellTableViewCell.swift in Sources */,
				C536B6F31D7F297200A24EEA /* AppDelegate.swift in Sources */,
				C5140A511D86ABFA00ADF672 /* PhotoBookPageViewController.swift in Sources */,
			);
			runOnlyForDeploymentPostprocessing = 0;
		};
/* End PBXSourcesBuildPhase section */

/* Begin PBXVariantGroup section */
		C536B6F81D7F297200A24EEA /* Main.storyboard */ = {
			isa = PBXVariantGroup;
			children = (
				C536B6F91D7F297200A24EEA /* Base */,
			);
			name = Main.storyboard;
			sourceTree = "<group>";
		};
		C536B6FD1D7F297200A24EEA /* LaunchScreen.storyboard */ = {
			isa = PBXVariantGroup;
			children = (
				C536B6FE1D7F297200A24EEA /* Base */,
			);
			name = LaunchScreen.storyboard;
			sourceTree = "<group>";
		};
/* End PBXVariantGroup section */

/* Begin XCBuildConfiguration section */
		C536B7011D7F297200A24EEA /* Debug */ = {
			isa = XCBuildConfiguration;
			buildSettings = {
				ALWAYS_SEARCH_USER_PATHS = NO;
				CLANG_ANALYZER_NONNULL = YES;
				CLANG_CXX_LANGUAGE_STANDARD = "gnu++0x";
				CLANG_CXX_LIBRARY = "libc++";
				CLANG_ENABLE_MODULES = YES;
				CLANG_ENABLE_OBJC_ARC = YES;
				CLANG_WARN_BOOL_CONVERSION = YES;
				CLANG_WARN_CONSTANT_CONVERSION = YES;
				CLANG_WARN_DIRECT_OBJC_ISA_USAGE = YES_ERROR;
				CLANG_WARN_EMPTY_BODY = YES;
				CLANG_WARN_ENUM_CONVERSION = YES;
				CLANG_WARN_INT_CONVERSION = YES;
				CLANG_WARN_OBJC_ROOT_CLASS = YES_ERROR;
				CLANG_WARN_UNREACHABLE_CODE = YES;
				CLANG_WARN__DUPLICATE_METHOD_MATCH = YES;
				"CODE_SIGN_IDENTITY[sdk=iphoneos*]" = "iPhone Developer";
				COPY_PHASE_STRIP = NO;
				DEBUG_INFORMATION_FORMAT = dwarf;
				ENABLE_STRICT_OBJC_MSGSEND = YES;
				ENABLE_TESTABILITY = YES;
				GCC_C_LANGUAGE_STANDARD = gnu99;
				GCC_DYNAMIC_NO_PIC = NO;
				GCC_NO_COMMON_BLOCKS = YES;
				GCC_OPTIMIZATION_LEVEL = 0;
				GCC_PREPROCESSOR_DEFINITIONS = (
					"DEBUG=1",
					"$(inherited)",
				);
				GCC_WARN_64_TO_32_BIT_CONVERSION = YES;
				GCC_WARN_ABOUT_RETURN_TYPE = YES_ERROR;
				GCC_WARN_UNDECLARED_SELECTOR = YES;
				GCC_WARN_UNINITIALIZED_AUTOS = YES_AGGRESSIVE;
				GCC_WARN_UNUSED_FUNCTION = YES;
				GCC_WARN_UNUSED_VARIABLE = YES;
				IPHONEOS_DEPLOYMENT_TARGET = 9.3;
				MTL_ENABLE_DEBUG_INFO = YES;
				ONLY_ACTIVE_ARCH = YES;
				SDKROOT = iphoneos;
				SWIFT_OPTIMIZATION_LEVEL = "-Onone";
				TARGETED_DEVICE_FAMILY = "1,2";
			};
			name = Debug;
		};
		C536B7021D7F297200A24EEA /* Release */ = {
			isa = XCBuildConfiguration;
			buildSettings = {
				ALWAYS_SEARCH_USER_PATHS = NO;
				CLANG_ANALYZER_NONNULL = YES;
				CLANG_CXX_LANGUAGE_STANDARD = "gnu++0x";
				CLANG_CXX_LIBRARY = "libc++";
				CLANG_ENABLE_MODULES = YES;
				CLANG_ENABLE_OBJC_ARC = YES;
				CLANG_WARN_BOOL_CONVERSION = YES;
				CLANG_WARN_CONSTANT_CONVERSION = YES;
				CLANG_WARN_DIRECT_OBJC_ISA_USAGE = YES_ERROR;
				CLANG_WARN_EMPTY_BODY = YES;
				CLANG_WARN_ENUM_CONVERSION = YES;
				CLANG_WARN_INT_CONVERSION = YES;
				CLANG_WARN_OBJC_ROOT_CLASS = YES_ERROR;
				CLANG_WARN_UNREACHABLE_CODE = YES;
				CLANG_WARN__DUPLICATE_METHOD_MATCH = YES;
				"CODE_SIGN_IDENTITY[sdk=iphoneos*]" = "iPhone Developer";
				COPY_PHASE_STRIP = NO;
				DEBUG_INFORMATION_FORMAT = "dwarf-with-dsym";
				ENABLE_NS_ASSERTIONS = NO;
				ENABLE_STRICT_OBJC_MSGSEND = YES;
				GCC_C_LANGUAGE_STANDARD = gnu99;
				GCC_NO_COMMON_BLOCKS = YES;
				GCC_WARN_64_TO_32_BIT_CONVERSION = YES;
				GCC_WARN_ABOUT_RETURN_TYPE = YES_ERROR;
				GCC_WARN_UNDECLARED_SELECTOR = YES;
				GCC_WARN_UNINITIALIZED_AUTOS = YES_AGGRESSIVE;
				GCC_WARN_UNUSED_FUNCTION = YES;
				GCC_WARN_UNUSED_VARIABLE = YES;
				IPHONEOS_DEPLOYMENT_TARGET = 9.3;
				MTL_ENABLE_DEBUG_INFO = NO;
				SDKROOT = iphoneos;
				TARGETED_DEVICE_FAMILY = "1,2";
				VALIDATE_PRODUCT = YES;
			};
			name = Release;
		};
		C536B7041D7F297200A24EEA /* Debug */ = {
			isa = XCBuildConfiguration;
			baseConfigurationReference = 5B416D5635BEDD363D0A0F8A /* Pods-Flickrama.debug.xcconfig */;
			buildSettings = {
				ASSETCATALOG_COMPILER_APPICON_NAME = AppIcon;
				CODE_SIGN_IDENTITY = "iPhone Developer";
				INFOPLIST_FILE = Flickrama/Info.plist;
				LD_RUNPATH_SEARCH_PATHS = "$(inherited) @executable_path/Frameworks";
				PRODUCT_BUNDLE_IDENTIFIER = nl.fortyeightk.Flickrama;
				PRODUCT_NAME = "$(TARGET_NAME)";
			};
			name = Debug;
		};
		C536B7051D7F297200A24EEA /* Release */ = {
			isa = XCBuildConfiguration;
			baseConfigurationReference = 950DE79EC1FC427926D9B4A1 /* Pods-Flickrama.release.xcconfig */;
			buildSettings = {
				ASSETCATALOG_COMPILER_APPICON_NAME = AppIcon;
				CODE_SIGN_IDENTITY = "iPhone Developer";
				INFOPLIST_FILE = Flickrama/Info.plist;
				LD_RUNPATH_SEARCH_PATHS = "$(inherited) @executable_path/Frameworks";
				PRODUCT_BUNDLE_IDENTIFIER = nl.fortyeightk.Flickrama;
				PRODUCT_NAME = "$(TARGET_NAME)";
			};
			name = Release;
		};
/* End XCBuildConfiguration section */

/* Begin XCConfigurationList section */
		C536B6EA1D7F297200A24EEA /* Build configuration list for PBXProject "Flickrama" */ = {
			isa = XCConfigurationList;
			buildConfigurations = (
				C536B7011D7F297200A24EEA /* Debug */,
				C536B7021D7F297200A24EEA /* Release */,
			);
			defaultConfigurationIsVisible = 0;
			defaultConfigurationName = Release;
		};
		C536B7031D7F297200A24EEA /* Build configuration list for PBXNativeTarget "Flickrama" */ = {
			isa = XCConfigurationList;
			buildConfigurations = (
				C536B7041D7F297200A24EEA /* Debug */,
				C536B7051D7F297200A24EEA /* Release */,
			);
			defaultConfigurationIsVisible = 0;
			defaultConfigurationName = Release;
		};
/* End XCConfigurationList section */
	};
	rootObject = C536B6E71D7F297200A24EEA /* Project object */;
}
